version = 1
revision = 3
requires-python = ">=3.13"

[[package]]
name = "faker"
version = "40.5.1"
source = { registry = "https://pypi.org/simple" }
dependencies = [
    { name = "tzdata", marker = "sys_platform == 'win32'" },
]
sdist = { url = "https://files.pythonhosted.org/packages/03/2a/96fff3edcb10f6505143448a4b91535f77b74865cec45be52690ee280443/faker-40.5.1.tar.gz", hash = "sha256:70222361cd82aa10cb86066d1a4e8f47f2bcdc919615c412045a69c4e6da0cd3", size = 1952684, upload-time = "2026-02-23T21:34:38.362Z" }
wheels = [
    { url = "https://files.pythonhosted.org/packages/4d/a9/1eed4db92d0aec2f9bfdf1faae0ab0418b5e121dda5701f118a7a4f0cd6a/faker-40.5.1-py3-none-any.whl", hash = "sha256:c69640c1e13bad49b4bcebcbf1b52f9f1a872b6ea186c248ada34d798f1661bf", size = 1987053, upload-time = "2026-02-23T21:34:36.418Z" },
]

[[package]]
name = "neo4j"
version = "6.0.3"
source = { registry = "https://pypi.org/simple" }
dependencies = [
    { name = "pytz" },
]
sdist = { url = "https://files.pythonhosted.org/packages/60/b2/87534fc0520e5f9db1432bacc3f8d0ce024608010babc4f65b96e0c34906/neo4j-6.0.3.tar.gz", hash = "sha256:7fb79e166e281aafd67d521f6611763ebcdc529f26db506c5605f91ddcd825ea", size = 239653, upload-time = "2025-11-06T16:57:57.012Z" }
wheels = [
    { url = "https://files.pythonhosted.org/packages/ba/fe/55ed1d4636defb57fae1f7be7818820aa8071d45949c91ef8649930e70c5/neo4j-6.0.3-py3-none-any.whl", hash = "sha256:a92023854da96aed4270e0d03d6429cdd7f0d3335eae977370934f4732de5678", size = 325433, upload-time = "2025-11-06T16:57:55.03Z" },
]

[[package]]
name = "neomodel"
version = "6.0.1"
source = { registry = "https://pypi.org/simple" }
dependencies = [
    { name = "neo4j" },
]
sdist = { url = "https://files.pythonhosted.org/packages/47/33/8e408fb3736a7248acbe6816e3c0cbd9f5b4fd22fc82a99fac923497edff/neomodel-6.0.1.tar.gz", hash = "sha256:13744659ff41d7a1a154af46b21f510b22fe2361940c7884ded0f18659a756de", size = 241516, upload-time = "2025-12-31T09:27:58.418Z" }
wheels = [
    { url = "https://files.pythonhosted.org/packages/a2/df/1b92e852019a08773ee4b8ffae1b8b3d121c2d94dffbc2ef1f6df66d646b/neomodel-6.0.1-py3-none-any.whl", hash = "sha256:870b43a9ef6830772197ac6398eb4a058281335449588802cb6c9328b3d9dd40", size = 284737, upload-time = "2025-12-31T09:27:57.197Z" },
]

[[package]]
name = "pytz"
version = "2026.1.post1"
source = { registry = "https://pypi.org/simple" }
sdist = { url = "https://files.pythonhosted.org/packages/56/db/b8721d71d945e6a8ac63c0fc900b2067181dbb50805958d4d4661cf7d277/pytz-2026.1.post1.tar.gz", hash = "sha256:3378dde6a0c3d26719182142c56e60c7f9af7e968076f31aae569d72a0358ee1", size = 321088, upload-time = "2026-03-03T07:47:50.683Z" }
wheels = [
    { url = "https://files.pythonhosted.org/packages/10/99/781fe0c827be2742bcc775efefccb3b048a3a9c6ce9aec0cbf4a101677e5/pytz-2026.1.post1-py2.py3-none-any.whl", hash = "sha256:f2fd16142fda348286a75e1a524be810bb05d444e5a081f37f7affc635035f7a", size = 510489, upload-time = "2026-03-03T07:47:49.167Z" },
]

[[package]]
name = "reputation-gnn"
version = "0.1.0"
source = { virtual = "." }
dependencies = [
    { name = "faker" },
    { name = "neomodel" },
]

[package.metadata]
requires-dist = [
    { name = "faker", specifier = ">=40.5.1" },
    { name = "neomodel", specifier = ">=6.0.1" },
]

[[package]]
name = "tzdata"
version = "2025.3"
source = { registry = "https://pypi.org/simple" }
sdist = { url = "https://files.pythonhosted.org/packages/5e/a7/c202b344c5ca7daf398f3b8a477eeb205cf3b6f32e7ec3a6bac0629ca975/tzdata-2025.3.tar.gz", hash = "sha256:de39c2ca5dc7b0344f2eba86f49d614019d29f060fc4ebc8a417896a620b56a7", size = 196772, upload-time = "2025-12-13T17:45:35.667Z" }
wheels = [
    { url = "https://files.pythonhosted.org/packages/c7/b0/003792df09decd6849a5e39c28b513c06e84436a54440380862b5aeff25d/tzdata-2025.3-py2.py3-none-any.whl", hash = "sha256:06a47e5700f3081aab02b2e513160914ff0694bce9947d6b76ebd6bf57cfc5d1", size = 348521, upload-time = "2025-12-13T17:45:33.889Z" },
]
